// !$*UTF8*$!
{
	archiveVersion = 1;
	classes = {
	};
	objectVersion = 51;
	objects = {

/* Begin PBXBuildFile section */
		3E5B315824FBB389006AB64C /* SMSSendCompleteViewController.swift in Sources */ = {isa = PBXBuildFile; fileRef = 3E5B315724FBB389006AB64C /* SMSSendCompleteViewController.swift */; };
		3E5B315A24FBB3F4006AB64C /* SMSSendCompleteViewController.storyboard in Resources */ = {isa = PBXBuildFile; fileRef = 3E5B315924FBB3F4006AB64C /* SMSSendCompleteViewController.storyboard */; };
		3E5B315E24FE912D006AB64C /* ForgetPasswordViewController.swift in Sources */ = {isa = PBXBuildFile; fileRef = 3E5B315D24FE912D006AB64C /* ForgetPasswordViewController.swift */; };
		3E5B316024FE9171006AB64C /* ForgetPasswordViewController.storyboard in Resources */ = {isa = PBXBuildFile; fileRef = 3E5B315F24FE9171006AB64C /* ForgetPasswordViewController.storyboard */; };
		3E6C004524E92101001D4828 /* InputKibunViewController.swift in Sources */ = {isa = PBXBuildFile; fileRef = 3E6C004424E92100001D4828 /* InputKibunViewController.swift */; };
		3E6C004724E92112001D4828 /* InputKibunViewController.storyboard in Resources */ = {isa = PBXBuildFile; fileRef = 3E6C004624E92112001D4828 /* InputKibunViewController.storyboard */; };
		3E6C004A24EA5EF9001D4828 /* OtherViewController.swift in Sources */ = {isa = PBXBuildFile; fileRef = 3E6C004924EA5EF9001D4828 /* OtherViewController.swift */; };
		3E6C004C24EA5F50001D4828 /* OtherViewController.storyboard in Resources */ = {isa = PBXBuildFile; fileRef = 3E6C004B24EA5F50001D4828 /* OtherViewController.storyboard */; };
		3E6C005424EA85BF001D4828 /* LoginViewController.swift in Sources */ = {isa = PBXBuildFile; fileRef = 3E6C005324EA85BF001D4828 /* LoginViewController.swift */; };
		3E6C005624EA85D4001D4828 /* LoginViewController.storyboard in Resources */ = {isa = PBXBuildFile; fileRef = 3E6C005524EA85D4001D4828 /* LoginViewController.storyboard */; };
		3E6C005924EADDA0001D4828 /* AddFamilyViewController.swift in Sources */ = {isa = PBXBuildFile; fileRef = 3E6C005824EADDA0001D4828 /* AddFamilyViewController.swift */; };
		3E6C005B24EADDD1001D4828 /* AddFamilyViewController.storyboard in Resources */ = {isa = PBXBuildFile; fileRef = 3E6C005A24EADDD1001D4828 /* AddFamilyViewController.storyboard */; };
		3E6C005E24EAE97C001D4828 /* Extensions.swift in Sources */ = {isa = PBXBuildFile; fileRef = 3E6C005D24EAE97C001D4828 /* Extensions.swift */; };
		3E6C006024EC247E001D4828 /* Functions.swift in Sources */ = {isa = PBXBuildFile; fileRef = 3E6C005F24EC247E001D4828 /* Functions.swift */; };
		3E6C006324ED6972001D4828 /* ChangeNameViewController.swift in Sources */ = {isa = PBXBuildFile; fileRef = 3E6C006224ED6972001D4828 /* ChangeNameViewController.swift */; };
		3E6C006524ED69E6001D4828 /* ChangeNameViewController.storyboard in Resources */ = {isa = PBXBuildFile; fileRef = 3E6C006424ED69E6001D4828 /* ChangeNameViewController.storyboard */; };
		3E6C006824ED75A7001D4828 /* ShowFamilyViewController.swift in Sources */ = {isa = PBXBuildFile; fileRef = 3E6C006724ED75A7001D4828 /* ShowFamilyViewController.swift */; };
		3E6C006A24ED75D4001D4828 /* ShowFamilyViewController.storyboard in Resources */ = {isa = PBXBuildFile; fileRef = 3E6C006924ED75D4001D4828 /* ShowFamilyViewController.storyboard */; };
		3E6D765D250CD4B800E2BF05 /* Constants.swift in Sources */ = {isa = PBXBuildFile; fileRef = 3E6D765C250CD4B800E2BF05 /* Constants.swift */; };
		3E70A80D24E26376008667B5 /* AppDelegate.swift in Sources */ = {isa = PBXBuildFile; fileRef = 3E70A80C24E26376008667B5 /* AppDelegate.swift */; };
		3E70A80F24E26376008667B5 /* SceneDelegate.swift in Sources */ = {isa = PBXBuildFile; fileRef = 3E70A80E24E26376008667B5 /* SceneDelegate.swift */; };
		3E70A81124E26376008667B5 /* MainViewController.swift in Sources */ = {isa = PBXBuildFile; fileRef = 3E70A81024E26376008667B5 /* MainViewController.swift */; };
		3E70A81424E26376008667B5 /* MainViewController.storyboard in Resources */ = {isa = PBXBuildFile; fileRef = 3E70A81224E26376008667B5 /* MainViewController.storyboard */; };
		3E70A81624E26378008667B5 /* Assets.xcassets in Resources */ = {isa = PBXBuildFile; fileRef = 3E70A81524E26378008667B5 /* Assets.xcassets */; };
		3E70A81924E26378008667B5 /* LaunchScreen.storyboard in Resources */ = {isa = PBXBuildFile; fileRef = 3E70A81724E26378008667B5 /* LaunchScreen.storyboard */; };
		3E70A82424E26378008667B5 /* kibunyaTests.swift in Sources */ = {isa = PBXBuildFile; fileRef = 3E70A82324E26378008667B5 /* kibunyaTests.swift */; };
		3E70A82F24E26379008667B5 /* kibunyaUITests.swift in Sources */ = {isa = PBXBuildFile; fileRef = 3E70A82E24E26379008667B5 /* kibunyaUITests.swift */; };
		3E72A6F924E6C37B00EC71EB /* TabBarView.xib in Resources */ = {isa = PBXBuildFile; fileRef = 3E72A6F824E6C37B00EC71EB /* TabBarView.xib */; };
		3E7FD59C24E7F24B005011B6 /* KibunTableViewCell.swift in Sources */ = {isa = PBXBuildFile; fileRef = 3E7FD59A24E7F24B005011B6 /* KibunTableViewCell.swift */; };
		3E7FD59D24E7F24B005011B6 /* KibunTableViewCell.xib in Resources */ = {isa = PBXBuildFile; fileRef = 3E7FD59B24E7F24B005011B6 /* KibunTableViewCell.xib */; };
		3E8FBE7F24E52A4E00BAC128 /* SignUpViewController.swift in Sources */ = {isa = PBXBuildFile; fileRef = 3E8FBE7E24E52A4E00BAC128 /* SignUpViewController.swift */; };
		3E8FBE8124E52A6B00BAC128 /* SignUpViewController.storyboard in Resources */ = {isa = PBXBuildFile; fileRef = 3E8FBE8024E52A6B00BAC128 /* SignUpViewController.storyboard */; };
		3E8FBE8324E54EF400BAC128 /* MailSendCompleteViewController.swift in Sources */ = {isa = PBXBuildFile; fileRef = 3E8FBE8224E54EF400BAC128 /* MailSendCompleteViewController.swift */; };
		3E8FBE8524E54F0300BAC128 /* MailSendCompleteViewController.storyboard in Resources */ = {isa = PBXBuildFile; fileRef = 3E8FBE8424E54F0300BAC128 /* MailSendCompleteViewController.storyboard */; };
		3EA278D324E7BF5C00A62834 /* Kibuns.swift in Sources */ = {isa = PBXBuildFile; fileRef = 3EA278D224E7BF5C00A62834 /* Kibuns.swift */; };
		3EE54E3324F3DE87002050B7 /* KibunDetailViewController.swift in Sources */ = {isa = PBXBuildFile; fileRef = 3EE54E3224F3DE87002050B7 /* KibunDetailViewController.swift */; };
		3EE54E3524F3DE9A002050B7 /* KibunDetailViewController.storyboard in Resources */ = {isa = PBXBuildFile; fileRef = 3EE54E3424F3DE9A002050B7 /* KibunDetailViewController.storyboard */; };
		3EEB5CD124E37A3C00A0EA19 /* GoogleService-Info.plist in Resources */ = {isa = PBXBuildFile; fileRef = 3EEB5CD024E37A3C00A0EA19 /* GoogleService-Info.plist */; };
		3EEB5CD324E37A4800A0EA19 /* GoogleService-Info.plist in Resources */ = {isa = PBXBuildFile; fileRef = 3EEB5CD224E37A4800A0EA19 /* GoogleService-Info.plist */; };
		3EEB5CD524E37A4F00A0EA19 /* GoogleService-Info.plist in Resources */ = {isa = PBXBuildFile; fileRef = 3EEB5CD424E37A4F00A0EA19 /* GoogleService-Info.plist */; };
		3EF0854B24E68BB2003E8FE2 /* TabBarView.swift in Sources */ = {isa = PBXBuildFile; fileRef = 3EF0854A24E68BB2003E8FE2 /* TabBarView.swift */; };
		6A61898A33C12CEE4535F409 /* Pods_kibunya.framework in Frameworks */ = {isa = PBXBuildFile; fileRef = AF4E4D1907B851DEDE716569 /* Pods_kibunya.framework */; };
		BB08ED1EB104B5556D1E84D0 /* Pods_kibunya_kibunyaUITests.framework in Frameworks */ = {isa = PBXBuildFile; fileRef = F349568CC0ADE4EB46C56950 /* Pods_kibunya_kibunyaUITests.framework */; };
		F4629B59FD7272E403AAE519 /* Pods_kibunyaTests.framework in Frameworks */ = {isa = PBXBuildFile; fileRef = 8E1A4D237F9B8A5C76C69549 /* Pods_kibunyaTests.framework */; };
/* End PBXBuildFile section */

/* Begin PBXContainerItemProxy section */
		3E70A82024E26378008667B5 /* PBXContainerItemProxy */ = {
			isa = PBXContainerItemProxy;
			containerPortal = 3E70A80124E26376008667B5 /* Project object */;
			proxyType = 1;
			remoteGlobalIDString = 3E70A80824E26376008667B5;
			remoteInfo = kibunya;
		};
		3E70A82B24E26379008667B5 /* PBXContainerItemProxy */ = {
			isa = PBXContainerItemProxy;
			containerPortal = 3E70A80124E26376008667B5 /* Project object */;
			proxyType = 1;
			remoteGlobalIDString = 3E70A80824E26376008667B5;
			remoteInfo = kibunya;
		};
/* End PBXContainerItemProxy section */

/* Begin PBXFileReference section */
		3E5B315624FB9425006AB64C /* 家族ダイアリー.entitlements */ = {isa = PBXFileReference; lastKnownFileType = text.plist.entitlements; path = "家族ダイアリー.entitlements"; sourceTree = "<group>"; };
		3E5B315724FBB389006AB64C /* SMSSendCompleteViewController.swift */ = {isa = PBXFileReference; lastKnownFileType = sourcecode.swift; path = SMSSendCompleteViewController.swift; sourceTree = "<group>"; };
		3E5B315924FBB3F4006AB64C /* SMSSendCompleteViewController.storyboard */ = {isa = PBXFileReference; lastKnownFileType = file.storyboard; path = SMSSendCompleteViewController.storyboard; sourceTree = "<group>"; };
		3E5B315D24FE912D006AB64C /* ForgetPasswordViewController.swift */ = {isa = PBXFileReference; lastKnownFileType = sourcecode.swift; path = ForgetPasswordViewController.swift; sourceTree = "<group>"; };
		3E5B315F24FE9171006AB64C /* ForgetPasswordViewController.storyboard */ = {isa = PBXFileReference; lastKnownFileType = file.storyboard; path = ForgetPasswordViewController.storyboard; sourceTree = "<group>"; };
		3E6C004424E92100001D4828 /* InputKibunViewController.swift */ = {isa = PBXFileReference; lastKnownFileType = sourcecode.swift; path = InputKibunViewController.swift; sourceTree = "<group>"; };
		3E6C004624E92112001D4828 /* InputKibunViewController.storyboard */ = {isa = PBXFileReference; lastKnownFileType = file.storyboard; path = InputKibunViewController.storyboard; sourceTree = "<group>"; };
		3E6C004924EA5EF9001D4828 /* OtherViewController.swift */ = {isa = PBXFileReference; lastKnownFileType = sourcecode.swift; path = OtherViewController.swift; sourceTree = "<group>"; };
		3E6C004B24EA5F50001D4828 /* OtherViewController.storyboard */ = {isa = PBXFileReference; lastKnownFileType = file.storyboard; path = OtherViewController.storyboard; sourceTree = "<group>"; };
		3E6C005324EA85BF001D4828 /* LoginViewController.swift */ = {isa = PBXFileReference; lastKnownFileType = sourcecode.swift; path = LoginViewController.swift; sourceTree = "<group>"; };
		3E6C005524EA85D4001D4828 /* LoginViewController.storyboard */ = {isa = PBXFileReference; lastKnownFileType = file.storyboard; path = LoginViewController.storyboard; sourceTree = "<group>"; };
		3E6C005824EADDA0001D4828 /* AddFamilyViewController.swift */ = {isa = PBXFileReference; lastKnownFileType = sourcecode.swift; path = AddFamilyViewController.swift; sourceTree = "<group>"; };
		3E6C005A24EADDD1001D4828 /* AddFamilyViewController.storyboard */ = {isa = PBXFileReference; lastKnownFileType = file.storyboard; path = AddFamilyViewController.storyboard; sourceTree = "<group>"; };
		3E6C005D24EAE97C001D4828 /* Extensions.swift */ = {isa = PBXFileReference; lastKnownFileType = sourcecode.swift; path = Extensions.swift; sourceTree = "<group>"; };
		3E6C005F24EC247E001D4828 /* Functions.swift */ = {isa = PBXFileReference; lastKnownFileType = sourcecode.swift; path = Functions.swift; sourceTree = "<group>"; };
		3E6C006224ED6972001D4828 /* ChangeNameViewController.swift */ = {isa = PBXFileReference; lastKnownFileType = sourcecode.swift; path = ChangeNameViewController.swift; sourceTree = "<group>"; };
		3E6C006424ED69E6001D4828 /* ChangeNameViewController.storyboard */ = {isa = PBXFileReference; lastKnownFileType = file.storyboard; path = ChangeNameViewController.storyboard; sourceTree = "<group>"; };
		3E6C006724ED75A7001D4828 /* ShowFamilyViewController.swift */ = {isa = PBXFileReference; lastKnownFileType = sourcecode.swift; path = ShowFamilyViewController.swift; sourceTree = "<group>"; };
		3E6C006924ED75D4001D4828 /* ShowFamilyViewController.storyboard */ = {isa = PBXFileReference; lastKnownFileType = file.storyboard; path = ShowFamilyViewController.storyboard; sourceTree = "<group>"; };
		3E6D765C250CD4B800E2BF05 /* Constants.swift */ = {isa = PBXFileReference; lastKnownFileType = sourcecode.swift; path = Constants.swift; sourceTree = "<group>"; };
		3E70A80924E26376008667B5 /* Family Diary.app */ = {isa = PBXFileReference; explicitFileType = wrapper.application; includeInIndex = 0; path = "Family Diary.app"; sourceTree = BUILT_PRODUCTS_DIR; };
		3E70A80C24E26376008667B5 /* AppDelegate.swift */ = {isa = PBXFileReference; lastKnownFileType = sourcecode.swift; path = AppDelegate.swift; sourceTree = "<group>"; };
		3E70A80E24E26376008667B5 /* SceneDelegate.swift */ = {isa = PBXFileReference; lastKnownFileType = sourcecode.swift; path = SceneDelegate.swift; sourceTree = "<group>"; };
		3E70A81024E26376008667B5 /* MainViewController.swift */ = {isa = PBXFileReference; lastKnownFileType = sourcecode.swift; path = MainViewController.swift; sourceTree = "<group>"; };
		3E70A81324E26376008667B5 /* Base */ = {isa = PBXFileReference; lastKnownFileType = file.storyboard; name = Base; path = Base.lproj/MainViewController.storyboard; sourceTree = "<group>"; };
		3E70A81524E26378008667B5 /* Assets.xcassets */ = {isa = PBXFileReference; lastKnownFileType = folder.assetcatalog; path = Assets.xcassets; sourceTree = "<group>"; };
		3E70A81824E26378008667B5 /* Base */ = {isa = PBXFileReference; lastKnownFileType = file.storyboard; name = Base; path = Base.lproj/LaunchScreen.storyboard; sourceTree = "<group>"; };
		3E70A81A24E26378008667B5 /* Info.plist */ = {isa = PBXFileReference; lastKnownFileType = text.plist.xml; path = Info.plist; sourceTree = "<group>"; };
		3E70A81F24E26378008667B5 /* kibunyaTests.xctest */ = {isa = PBXFileReference; explicitFileType = wrapper.cfbundle; includeInIndex = 0; path = kibunyaTests.xctest; sourceTree = BUILT_PRODUCTS_DIR; };
		3E70A82324E26378008667B5 /* kibunyaTests.swift */ = {isa = PBXFileReference; lastKnownFileType = sourcecode.swift; path = kibunyaTests.swift; sourceTree = "<group>"; };
		3E70A82524E26378008667B5 /* Info.plist */ = {isa = PBXFileReference; lastKnownFileType = text.plist.xml; path = Info.plist; sourceTree = "<group>"; };
		3E70A82A24E26379008667B5 /* kibunyaUITests.xctest */ = {isa = PBXFileReference; explicitFileType = wrapper.cfbundle; includeInIndex = 0; path = kibunyaUITests.xctest; sourceTree = BUILT_PRODUCTS_DIR; };
		3E70A82E24E26379008667B5 /* kibunyaUITests.swift */ = {isa = PBXFileReference; lastKnownFileType = sourcecode.swift; path = kibunyaUITests.swift; sourceTree = "<group>"; };
		3E70A83024E26379008667B5 /* Info.plist */ = {isa = PBXFileReference; lastKnownFileType = text.plist.xml; path = Info.plist; sourceTree = "<group>"; };
		3E72A6F824E6C37B00EC71EB /* TabBarView.xib */ = {isa = PBXFileReference; lastKnownFileType = file.xib; path = TabBarView.xib; sourceTree = "<group>"; };
		3E7FD59A24E7F24B005011B6 /* KibunTableViewCell.swift */ = {isa = PBXFileReference; lastKnownFileType = sourcecode.swift; path = KibunTableViewCell.swift; sourceTree = "<group>"; };
		3E7FD59B24E7F24B005011B6 /* KibunTableViewCell.xib */ = {isa = PBXFileReference; lastKnownFileType = file.xib; path = KibunTableViewCell.xib; sourceTree = "<group>"; };
		3E8FBE7E24E52A4E00BAC128 /* SignUpViewController.swift */ = {isa = PBXFileReference; lastKnownFileType = sourcecode.swift; name = SignUpViewController.swift; path = /Users/user/sites/kibunya/kibunya/SignUpViewController.swift; sourceTree = "<absolute>"; };
		3E8FBE8024E52A6B00BAC128 /* SignUpViewController.storyboard */ = {isa = PBXFileReference; lastKnownFileType = file.storyboard; path = SignUpViewController.storyboard; sourceTree = "<group>"; };
		3E8FBE8224E54EF400BAC128 /* MailSendCompleteViewController.swift */ = {isa = PBXFileReference; lastKnownFileType = sourcecode.swift; path = MailSendCompleteViewController.swift; sourceTree = "<group>"; };
		3E8FBE8424E54F0300BAC128 /* MailSendCompleteViewController.storyboard */ = {isa = PBXFileReference; lastKnownFileType = file.storyboard; path = MailSendCompleteViewController.storyboard; sourceTree = "<group>"; };
		3EA278D224E7BF5C00A62834 /* Kibuns.swift */ = {isa = PBXFileReference; lastKnownFileType = sourcecode.swift; path = Kibuns.swift; sourceTree = "<group>"; };
		3EE54E3224F3DE87002050B7 /* KibunDetailViewController.swift */ = {isa = PBXFileReference; lastKnownFileType = sourcecode.swift; path = KibunDetailViewController.swift; sourceTree = "<group>"; };
		3EE54E3424F3DE9A002050B7 /* KibunDetailViewController.storyboard */ = {isa = PBXFileReference; lastKnownFileType = file.storyboard; path = KibunDetailViewController.storyboard; sourceTree = "<group>"; };
		3EEB5CD024E37A3C00A0EA19 /* GoogleService-Info.plist */ = {isa = PBXFileReference; fileEncoding = 4; lastKnownFileType = text.plist.xml; path = "GoogleService-Info.plist"; sourceTree = "<group>"; };
		3EEB5CD224E37A4800A0EA19 /* GoogleService-Info.plist */ = {isa = PBXFileReference; lastKnownFileType = text.plist; name = "GoogleService-Info.plist"; path = "kibunya/GoogleService-Info.plist"; sourceTree = SOURCE_ROOT; };
		3EEB5CD424E37A4F00A0EA19 /* GoogleService-Info.plist */ = {isa = PBXFileReference; lastKnownFileType = text.plist; name = "GoogleService-Info.plist"; path = "kibunya/GoogleService-Info.plist"; sourceTree = SOURCE_ROOT; };
		3EF0854A24E68BB2003E8FE2 /* TabBarView.swift */ = {isa = PBXFileReference; lastKnownFileType = sourcecode.swift; path = TabBarView.swift; sourceTree = "<group>"; };
		53A41DA030BC9368DE59A067 /* Pods-kibunya.release.xcconfig */ = {isa = PBXFileReference; includeInIndex = 1; lastKnownFileType = text.xcconfig; name = "Pods-kibunya.release.xcconfig"; path = "Target Support Files/Pods-kibunya/Pods-kibunya.release.xcconfig"; sourceTree = "<group>"; };
		8AA0F6FEB4B0E14B9CF6709A /* Pods-kibunya-kibunyaUITests.debug.xcconfig */ = {isa = PBXFileReference; includeInIndex = 1; lastKnownFileType = text.xcconfig; name = "Pods-kibunya-kibunyaUITests.debug.xcconfig"; path = "Target Support Files/Pods-kibunya-kibunyaUITests/Pods-kibunya-kibunyaUITests.debug.xcconfig"; sourceTree = "<group>"; };
		8E1A4D237F9B8A5C76C69549 /* Pods_kibunyaTests.framework */ = {isa = PBXFileReference; explicitFileType = wrapper.framework; includeInIndex = 0; path = Pods_kibunyaTests.framework; sourceTree = BUILT_PRODUCTS_DIR; };
		98CA9EE0972853C3D5F9CC2A /* Pods-kibunya-kibunyaUITests.release.xcconfig */ = {isa = PBXFileReference; includeInIndex = 1; lastKnownFileType = text.xcconfig; name = "Pods-kibunya-kibunyaUITests.release.xcconfig"; path = "Target Support Files/Pods-kibunya-kibunyaUITests/Pods-kibunya-kibunyaUITests.release.xcconfig"; sourceTree = "<group>"; };
		9B6032BA666830724FCD44A5 /* Pods-kibunya.debug.xcconfig */ = {isa = PBXFileReference; includeInIndex = 1; lastKnownFileType = text.xcconfig; name = "Pods-kibunya.debug.xcconfig"; path = "Target Support Files/Pods-kibunya/Pods-kibunya.debug.xcconfig"; sourceTree = "<group>"; };
		A20AD7BBFF2A60C3BFD4AA7F /* Pods-kibunyaTests.release.xcconfig */ = {isa = PBXFileReference; includeInIndex = 1; lastKnownFileType = text.xcconfig; name = "Pods-kibunyaTests.release.xcconfig"; path = "Target Support Files/Pods-kibunyaTests/Pods-kibunyaTests.release.xcconfig"; sourceTree = "<group>"; };
		AF4E4D1907B851DEDE716569 /* Pods_kibunya.framework */ = {isa = PBXFileReference; explicitFileType = wrapper.framework; includeInIndex = 0; path = Pods_kibunya.framework; sourceTree = BUILT_PRODUCTS_DIR; };
		BDAD3BBB15405305A099B1C0 /* Pods-kibunyaTests.debug.xcconfig */ = {isa = PBXFileReference; includeInIndex = 1; lastKnownFileType = text.xcconfig; name = "Pods-kibunyaTests.debug.xcconfig"; path = "Target Support Files/Pods-kibunyaTests/Pods-kibunyaTests.debug.xcconfig"; sourceTree = "<group>"; };
		F349568CC0ADE4EB46C56950 /* Pods_kibunya_kibunyaUITests.framework */ = {isa = PBXFileReference; explicitFileType = wrapper.framework; includeInIndex = 0; path = Pods_kibunya_kibunyaUITests.framework; sourceTree = BUILT_PRODUCTS_DIR; };
/* End PBXFileReference section */

/* Begin PBXFrameworksBuildPhase section */
		3E70A80624E26376008667B5 /* Frameworks */ = {
			isa = PBXFrameworksBuildPhase;
			buildActionMask = 2147483647;
			files = (
				6A61898A33C12CEE4535F409 /* Pods_kibunya.framework in Frameworks */,
			);
			runOnlyForDeploymentPostprocessing = 0;
		};
		3E70A81C24E26378008667B5 /* Frameworks */ = {
			isa = PBXFrameworksBuildPhase;
			buildActionMask = 2147483647;
			files = (
				F4629B59FD7272E403AAE519 /* Pods_kibunyaTests.framework in Frameworks */,
			);
			runOnlyForDeploymentPostprocessing = 0;
		};
		3E70A82724E26379008667B5 /* Frameworks */ = {
			isa = PBXFrameworksBuildPhase;
			buildActionMask = 2147483647;
			files = (
				BB08ED1EB104B5556D1E84D0 /* Pods_kibunya_kibunyaUITests.framework in Frameworks */,
			);
			runOnlyForDeploymentPostprocessing = 0;
		};
/* End PBXFrameworksBuildPhase section */

/* Begin PBXGroup section */
		3E6C004324E920BA001D4828 /* InputKibun */ = {
			isa = PBXGroup;
			children = (
				3E6C004424E92100001D4828 /* InputKibunViewController.swift */,
				3E6C004624E92112001D4828 /* InputKibunViewController.storyboard */,
			);
			path = InputKibun;
			sourceTree = "<group>";
		};
		3E6C004824EA5EDD001D4828 /* Other */ = {
			isa = PBXGroup;
			children = (
				3E6C006124ED6955001D4828 /* ChangeName */,
				3E6C006624ED758F001D4828 /* ShowFamily */,
				3E6C005724EADD69001D4828 /* AddFamily */,
				3E6C004924EA5EF9001D4828 /* OtherViewController.swift */,
				3E6C004B24EA5F50001D4828 /* OtherViewController.storyboard */,
			);
			path = Other;
			sourceTree = "<group>";
		};
		3E6C005724EADD69001D4828 /* AddFamily */ = {
			isa = PBXGroup;
			children = (
				3E6C005824EADDA0001D4828 /* AddFamilyViewController.swift */,
				3E6C005A24EADDD1001D4828 /* AddFamilyViewController.storyboard */,
			);
			path = AddFamily;
			sourceTree = "<group>";
		};
		3E6C005C24EAE965001D4828 /* Common */ = {
			isa = PBXGroup;
			children = (
				3E6C005D24EAE97C001D4828 /* Extensions.swift */,
				3E6C005F24EC247E001D4828 /* Functions.swift */,
				3E6D765C250CD4B800E2BF05 /* Constants.swift */,
			);
			path = Common;
			sourceTree = "<group>";
		};
		3E6C006124ED6955001D4828 /* ChangeName */ = {
			isa = PBXGroup;
			children = (
				3E6C006224ED6972001D4828 /* ChangeNameViewController.swift */,
				3E6C006424ED69E6001D4828 /* ChangeNameViewController.storyboard */,
			);
			path = ChangeName;
			sourceTree = "<group>";
		};
		3E6C006624ED758F001D4828 /* ShowFamily */ = {
			isa = PBXGroup;
			children = (
				3E6C006724ED75A7001D4828 /* ShowFamilyViewController.swift */,
				3E6C006924ED75D4001D4828 /* ShowFamilyViewController.storyboard */,
			);
			path = ShowFamily;
			sourceTree = "<group>";
		};
		3E70A80024E26376008667B5 = {
			isa = PBXGroup;
			children = (
				3E70A80B24E26376008667B5 /* kibunya */,
				3E70A82224E26378008667B5 /* kibunyaTests */,
				3E70A82D24E26379008667B5 /* kibunyaUITests */,
				3E70A80A24E26376008667B5 /* Products */,
				86ABA8A6EF18FD942793203D /* Pods */,
				D6D3F378587B751B3F0FD53A /* Frameworks */,
			);
			sourceTree = "<group>";
		};
		3E70A80A24E26376008667B5 /* Products */ = {
			isa = PBXGroup;
			children = (
				3E70A80924E26376008667B5 /* Family Diary.app */,
				3E70A81F24E26378008667B5 /* kibunyaTests.xctest */,
				3E70A82A24E26379008667B5 /* kibunyaUITests.xctest */,
			);
			name = Products;
			sourceTree = "<group>";
		};
		3E70A80B24E26376008667B5 /* kibunya */ = {
			isa = PBXGroup;
			children = (
				3E5B315624FB9425006AB64C /* 家族ダイアリー.entitlements */,
				3E70A80C24E26376008667B5 /* AppDelegate.swift */,
				3E70A80E24E26376008667B5 /* SceneDelegate.swift */,
				3EEB5CD024E37A3C00A0EA19 /* GoogleService-Info.plist */,
				3E6C005C24EAE965001D4828 /* Common */,
				3EA278D424E7BF7000A62834 /* Model */,
				3E763CAD24F25FD70097FCD1 /* View */,
				3E70A81524E26378008667B5 /* Assets.xcassets */,
				3E70A81724E26378008667B5 /* LaunchScreen.storyboard */,
				3E70A81A24E26378008667B5 /* Info.plist */,
			);
			path = kibunya;
			sourceTree = "<group>";
		};
		3E70A82224E26378008667B5 /* kibunyaTests */ = {
			isa = PBXGroup;
			children = (
				3EEB5CD224E37A4800A0EA19 /* GoogleService-Info.plist */,
				3E70A82324E26378008667B5 /* kibunyaTests.swift */,
				3E70A82524E26378008667B5 /* Info.plist */,
			);
			path = kibunyaTests;
			sourceTree = "<group>";
		};
		3E70A82D24E26379008667B5 /* kibunyaUITests */ = {
			isa = PBXGroup;
			children = (
				3EEB5CD424E37A4F00A0EA19 /* GoogleService-Info.plist */,
				3E70A82E24E26379008667B5 /* kibunyaUITests.swift */,
				3E70A83024E26379008667B5 /* Info.plist */,
			);
			path = kibunyaUITests;
			sourceTree = "<group>";
		};
		3E70E6BB24E59544007F7E8C /* Login */ = {
			isa = PBXGroup;
			children = (
				3E8FBE7E24E52A4E00BAC128 /* SignUpViewController.swift */,
				3E8FBE8024E52A6B00BAC128 /* SignUpViewController.storyboard */,
				3E8FBE8224E54EF400BAC128 /* MailSendCompleteViewController.swift */,
				3E8FBE8424E54F0300BAC128 /* MailSendCompleteViewController.storyboard */,
				3E5B315724FBB389006AB64C /* SMSSendCompleteViewController.swift */,
				3E5B315924FBB3F4006AB64C /* SMSSendCompleteViewController.storyboard */,
				3E6C005324EA85BF001D4828 /* LoginViewController.swift */,
				3E6C005524EA85D4001D4828 /* LoginViewController.storyboard */,
				3E5B315D24FE912D006AB64C /* ForgetPasswordViewController.swift */,
				3E5B315F24FE9171006AB64C /* ForgetPasswordViewController.storyboard */,
			);
			path = Login;
			sourceTree = "<group>";
		};
		3E70E6BC24E59568007F7E8C /* Main */ = {
			isa = PBXGroup;
			children = (
				3EA278CD24E7BDBF00A62834 /* KibunList */,
				3EE54E3624F3DF63002050B7 /* KibunDetail */,
				3E70A81024E26376008667B5 /* MainViewController.swift */,
				3E70A81224E26376008667B5 /* MainViewController.storyboard */,
			);
			path = Main;
			sourceTree = "<group>";
		};
		3E70E6BD24E64F89007F7E8C /* Tab */ = {
			isa = PBXGroup;
			children = (
				3EF0854A24E68BB2003E8FE2 /* TabBarView.swift */,
				3E72A6F824E6C37B00EC71EB /* TabBarView.xib */,
			);
			path = Tab;
			sourceTree = "<group>";
		};
		3E763CAD24F25FD70097FCD1 /* View */ = {
			isa = PBXGroup;
			children = (
				3E70E6BD24E64F89007F7E8C /* Tab */,
				3E70E6BB24E59544007F7E8C /* Login */,
				3E70E6BC24E59568007F7E8C /* Main */,
				3E6C004324E920BA001D4828 /* InputKibun */,
				3E6C004824EA5EDD001D4828 /* Other */,
			);
			path = View;
			sourceTree = "<group>";
		};
		3EA278CD24E7BDBF00A62834 /* KibunList */ = {
			isa = PBXGroup;
			children = (
				3E7FD59A24E7F24B005011B6 /* KibunTableViewCell.swift */,
				3E7FD59B24E7F24B005011B6 /* KibunTableViewCell.xib */,
			);
			path = KibunList;
			sourceTree = "<group>";
		};
		3EA278D424E7BF7000A62834 /* Model */ = {
			isa = PBXGroup;
			children = (
				3EA278D224E7BF5C00A62834 /* Kibuns.swift */,
			);
			path = Model;
			sourceTree = "<group>";
		};
		3EE54E3624F3DF63002050B7 /* KibunDetail */ = {
			isa = PBXGroup;
			children = (
				3EE54E3224F3DE87002050B7 /* KibunDetailViewController.swift */,
				3EE54E3424F3DE9A002050B7 /* KibunDetailViewController.storyboard */,
			);
			path = KibunDetail;
			sourceTree = "<group>";
		};
		86ABA8A6EF18FD942793203D /* Pods */ = {
			isa = PBXGroup;
			children = (
				9B6032BA666830724FCD44A5 /* Pods-kibunya.debug.xcconfig */,
				53A41DA030BC9368DE59A067 /* Pods-kibunya.release.xcconfig */,
				8AA0F6FEB4B0E14B9CF6709A /* Pods-kibunya-kibunyaUITests.debug.xcconfig */,
				98CA9EE0972853C3D5F9CC2A /* Pods-kibunya-kibunyaUITests.release.xcconfig */,
				BDAD3BBB15405305A099B1C0 /* Pods-kibunyaTests.debug.xcconfig */,
				A20AD7BBFF2A60C3BFD4AA7F /* Pods-kibunyaTests.release.xcconfig */,
			);
			path = Pods;
			sourceTree = "<group>";
		};
		D6D3F378587B751B3F0FD53A /* Frameworks */ = {
			isa = PBXGroup;
			children = (
				AF4E4D1907B851DEDE716569 /* Pods_kibunya.framework */,
				F349568CC0ADE4EB46C56950 /* Pods_kibunya_kibunyaUITests.framework */,
				8E1A4D237F9B8A5C76C69549 /* Pods_kibunyaTests.framework */,
			);
			name = Frameworks;
			sourceTree = "<group>";
		};
/* End PBXGroup section */

/* Begin PBXNativeTarget section */
		3E70A80824E26376008667B5 /* kibunya */ = {
			isa = PBXNativeTarget;
			buildConfigurationList = 3E70A83324E26379008667B5 /* Build configuration list for PBXNativeTarget "kibunya" */;
			buildPhases = (
				D9F101A7C434CD2BF89AFB8F /* [CP] Check Pods Manifest.lock */,
				3E70A80524E26376008667B5 /* Sources */,
				3E70A80624E26376008667B5 /* Frameworks */,
				3E70A80724E26376008667B5 /* Resources */,
				5787DF08BDD1C523B834AFC6 /* [CP] Embed Pods Frameworks */,
			);
			buildRules = (
			);
			dependencies = (
			);
			name = kibunya;
			productName = kibunya;
			productReference = 3E70A80924E26376008667B5 /* Family Diary.app */;
			productType = "com.apple.product-type.application";
		};
		3E70A81E24E26378008667B5 /* kibunyaTests */ = {
			isa = PBXNativeTarget;
			buildConfigurationList = 3E70A83624E26379008667B5 /* Build configuration list for PBXNativeTarget "kibunyaTests" */;
			buildPhases = (
				99AA7131C14A22A55432D281 /* [CP] Check Pods Manifest.lock */,
				3E70A81B24E26378008667B5 /* Sources */,
				3E70A81C24E26378008667B5 /* Frameworks */,
				3E70A81D24E26378008667B5 /* Resources */,
			);
			buildRules = (
			);
			dependencies = (
				3E70A82124E26378008667B5 /* PBXTargetDependency */,
			);
			name = kibunyaTests;
			productName = kibunyaTests;
			productReference = 3E70A81F24E26378008667B5 /* kibunyaTests.xctest */;
			productType = "com.apple.product-type.bundle.unit-test";
		};
		3E70A82924E26379008667B5 /* kibunyaUITests */ = {
			isa = PBXNativeTarget;
			buildConfigurationList = 3E70A83924E26379008667B5 /* Build configuration list for PBXNativeTarget "kibunyaUITests" */;
			buildPhases = (
				468627E60C217D55C6996992 /* [CP] Check Pods Manifest.lock */,
				3E70A82624E26379008667B5 /* Sources */,
				3E70A82724E26379008667B5 /* Frameworks */,
				3E70A82824E26379008667B5 /* Resources */,
				B9DFCE56DA81E479CDC9DC9F /* [CP] Embed Pods Frameworks */,
			);
			buildRules = (
			);
			dependencies = (
				3E70A82C24E26379008667B5 /* PBXTargetDependency */,
			);
			name = kibunyaUITests;
			productName = kibunyaUITests;
			productReference = 3E70A82A24E26379008667B5 /* kibunyaUITests.xctest */;
			productType = "com.apple.product-type.bundle.ui-testing";
		};
/* End PBXNativeTarget section */

/* Begin PBXProject section */
		3E70A80124E26376008667B5 /* Project object */ = {
			isa = PBXProject;
			attributes = {
				LastSwiftUpdateCheck = 1150;
				LastUpgradeCheck = 1150;
				ORGANIZATIONNAME = "hidemitsu sekiyama";
				TargetAttributes = {
					3E70A80824E26376008667B5 = {
						CreatedOnToolsVersion = 11.5;
					};
					3E70A81E24E26378008667B5 = {
						CreatedOnToolsVersion = 11.5;
						TestTargetID = 3E70A80824E26376008667B5;
					};
					3E70A82924E26379008667B5 = {
						CreatedOnToolsVersion = 11.5;
						TestTargetID = 3E70A80824E26376008667B5;
					};
				};
			};
			buildConfigurationList = 3E70A80424E26376008667B5 /* Build configuration list for PBXProject "kibunya" */;
			compatibilityVersion = "Xcode 9.3";
			developmentRegion = en;
			hasScannedForEncodings = 0;
			knownRegions = (
				en,
				Base,
			);
			mainGroup = 3E70A80024E26376008667B5;
			productRefGroup = 3E70A80A24E26376008667B5 /* Products */;
			projectDirPath = "";
			projectRoot = "";
			targets = (
				3E70A80824E26376008667B5 /* kibunya */,
				3E70A81E24E26378008667B5 /* kibunyaTests */,
				3E70A82924E26379008667B5 /* kibunyaUITests */,
			);
		};
/* End PBXProject section */

/* Begin PBXResourcesBuildPhase section */
		3E70A80724E26376008667B5 /* Resources */ = {
			isa = PBXResourcesBuildPhase;
			buildActionMask = 2147483647;
			files = (
				3EE54E3524F3DE9A002050B7 /* KibunDetailViewController.storyboard in Resources */,
				3E70A81924E26378008667B5 /* LaunchScreen.storyboard in Resources */,
				3EEB5CD124E37A3C00A0EA19 /* GoogleService-Info.plist in Resources */,
				3E6C004C24EA5F50001D4828 /* OtherViewController.storyboard in Resources */,
				3E5B315A24FBB3F4006AB64C /* SMSSendCompleteViewController.storyboard in Resources */,
				3E6C005B24EADDD1001D4828 /* AddFamilyViewController.storyboard in Resources */,
				3E8FBE8124E52A6B00BAC128 /* SignUpViewController.storyboard in Resources */,
				3E6C004724E92112001D4828 /* InputKibunViewController.storyboard in Resources */,
				3E72A6F924E6C37B00EC71EB /* TabBarView.xib in Resources */,
				3E7FD59D24E7F24B005011B6 /* KibunTableViewCell.xib in Resources */,
				3E6C005624EA85D4001D4828 /* LoginViewController.storyboard in Resources */,
				3E6C006524ED69E6001D4828 /* ChangeNameViewController.storyboard in Resources */,
				3E6C006A24ED75D4001D4828 /* ShowFamilyViewController.storyboard in Resources */,
				3E70A81624E26378008667B5 /* Assets.xcassets in Resources */,
				3E8FBE8524E54F0300BAC128 /* MailSendCompleteViewController.storyboard in Resources */,
				3E5B316024FE9171006AB64C /* ForgetPasswordViewController.storyboard in Resources */,
				3E70A81424E26376008667B5 /* MainViewController.storyboard in Resources */,
			);
			runOnlyForDeploymentPostprocessing = 0;
		};
		3E70A81D24E26378008667B5 /* Resources */ = {
			isa = PBXResourcesBuildPhase;
			buildActionMask = 2147483647;
			files = (
				3EEB5CD324E37A4800A0EA19 /* GoogleService-Info.plist in Resources */,
			);
			runOnlyForDeploymentPostprocessing = 0;
		};
		3E70A82824E26379008667B5 /* Resources */ = {
			isa = PBXResourcesBuildPhase;
			buildActionMask = 2147483647;
			files = (
				3EEB5CD524E37A4F00A0EA19 /* GoogleService-Info.plist in Resources */,
			);
			runOnlyForDeploymentPostprocessing = 0;
		};
/* End PBXResourcesBuildPhase section */

/* Begin PBXShellScriptBuildPhase section */
		468627E60C217D55C6996992 /* [CP] Check Pods Manifest.lock */ = {
			isa = PBXShellScriptBuildPhase;
			buildActionMask = 2147483647;
			files = (
			);
			inputFileListPaths = (
			);
			inputPaths = (
				"${PODS_PODFILE_DIR_PATH}/Podfile.lock",
				"${PODS_ROOT}/Manifest.lock",
			);
			name = "[CP] Check Pods Manifest.lock";
			outputFileListPaths = (
			);
			outputPaths = (
				"$(DERIVED_FILE_DIR)/Pods-kibunya-kibunyaUITests-checkManifestLockResult.txt",
			);
			runOnlyForDeploymentPostprocessing = 0;
			shellPath = /bin/sh;
			shellScript = "diff \"${PODS_PODFILE_DIR_PATH}/Podfile.lock\" \"${PODS_ROOT}/Manifest.lock\" > /dev/null\nif [ $? != 0 ] ; then\n    # print error to STDERR\n    echo \"error: The sandbox is not in sync with the Podfile.lock. Run 'pod install' or update your CocoaPods installation.\" >&2\n    exit 1\nfi\n# This output is used by Xcode 'outputs' to avoid re-running this script phase.\necho \"SUCCESS\" > \"${SCRIPT_OUTPUT_FILE_0}\"\n";
			showEnvVarsInLog = 0;
		};
		5787DF08BDD1C523B834AFC6 /* [CP] Embed Pods Frameworks */ = {
			isa = PBXShellScriptBuildPhase;
			buildActionMask = 2147483647;
			files = (
			);
			inputFileListPaths = (
				"${PODS_ROOT}/Target Support Files/Pods-kibunya/Pods-kibunya-frameworks-${CONFIGURATION}-input-files.xcfilelist",
			);
			name = "[CP] Embed Pods Frameworks";
			outputFileListPaths = (
				"${PODS_ROOT}/Target Support Files/Pods-kibunya/Pods-kibunya-frameworks-${CONFIGURATION}-output-files.xcfilelist",
			);
			runOnlyForDeploymentPostprocessing = 0;
			shellPath = /bin/sh;
			shellScript = "\"${PODS_ROOT}/Target Support Files/Pods-kibunya/Pods-kibunya-frameworks.sh\"\n";
			showEnvVarsInLog = 0;
		};
		99AA7131C14A22A55432D281 /* [CP] Check Pods Manifest.lock */ = {
			isa = PBXShellScriptBuildPhase;
			buildActionMask = 2147483647;
			files = (
			);
			inputFileListPaths = (
			);
			inputPaths = (
				"${PODS_PODFILE_DIR_PATH}/Podfile.lock",
				"${PODS_ROOT}/Manifest.lock",
			);
			name = "[CP] Check Pods Manifest.lock";
			outputFileListPaths = (
			);
			outputPaths = (
				"$(DERIVED_FILE_DIR)/Pods-kibunyaTests-checkManifestLockResult.txt",
			);
			runOnlyForDeploymentPostprocessing = 0;
			shellPath = /bin/sh;
			shellScript = "diff \"${PODS_PODFILE_DIR_PATH}/Podfile.lock\" \"${PODS_ROOT}/Manifest.lock\" > /dev/null\nif [ $? != 0 ] ; then\n    # print error to STDERR\n    echo \"error: The sandbox is not in sync with the Podfile.lock. Run 'pod install' or update your CocoaPods installation.\" >&2\n    exit 1\nfi\n# This output is used by Xcode 'outputs' to avoid re-running this script phase.\necho \"SUCCESS\" > \"${SCRIPT_OUTPUT_FILE_0}\"\n";
			showEnvVarsInLog = 0;
		};
		B9DFCE56DA81E479CDC9DC9F /* [CP] Embed Pods Frameworks */ = {
			isa = PBXShellScriptBuildPhase;
			buildActionMask = 2147483647;
			files = (
			);
			inputFileListPaths = (
				"${PODS_ROOT}/Target Support Files/Pods-kibunya-kibunyaUITests/Pods-kibunya-kibunyaUITests-frameworks-${CONFIGURATION}-input-files.xcfilelist",
			);
			name = "[CP] Embed Pods Frameworks";
			outputFileListPaths = (
				"${PODS_ROOT}/Target Support Files/Pods-kibunya-kibunyaUITests/Pods-kibunya-kibunyaUITests-frameworks-${CONFIGURATION}-output-files.xcfilelist",
			);
			runOnlyForDeploymentPostprocessing = 0;
			shellPath = /bin/sh;
			shellScript = "\"${PODS_ROOT}/Target Support Files/Pods-kibunya-kibunyaUITests/Pods-kibunya-kibunyaUITests-frameworks.sh\"\n";
			showEnvVarsInLog = 0;
		};
		D9F101A7C434CD2BF89AFB8F /* [CP] Check Pods Manifest.lock */ = {
			isa = PBXShellScriptBuildPhase;
			buildActionMask = 2147483647;
			files = (
			);
			inputFileListPaths = (
			);
			inputPaths = (
				"${PODS_PODFILE_DIR_PATH}/Podfile.lock",
				"${PODS_ROOT}/Manifest.lock",
			);
			name = "[CP] Check Pods Manifest.lock";
			outputFileListPaths = (
			);
			outputPaths = (
				"$(DERIVED_FILE_DIR)/Pods-kibunya-checkManifestLockResult.txt",
			);
			runOnlyForDeploymentPostprocessing = 0;
			shellPath = /bin/sh;
			shellScript = "diff \"${PODS_PODFILE_DIR_PATH}/Podfile.lock\" \"${PODS_ROOT}/Manifest.lock\" > /dev/null\nif [ $? != 0 ] ; then\n    # print error to STDERR\n    echo \"error: The sandbox is not in sync with the Podfile.lock. Run 'pod install' or update your CocoaPods installation.\" >&2\n    exit 1\nfi\n# This output is used by Xcode 'outputs' to avoid re-running this script phase.\necho \"SUCCESS\" > \"${SCRIPT_OUTPUT_FILE_0}\"\n";
			showEnvVarsInLog = 0;
		};
/* End PBXShellScriptBuildPhase section */

/* Begin PBXSourcesBuildPhase section */
		3E70A80524E26376008667B5 /* Sources */ = {
			isa = PBXSourcesBuildPhase;
			buildActionMask = 2147483647;
			files = (
				3E6C004524E92101001D4828 /* InputKibunViewController.swift in Sources */,
				3E8FBE7F24E52A4E00BAC128 /* SignUpViewController.swift in Sources */,
				3EF0854B24E68BB2003E8FE2 /* TabBarView.swift in Sources */,
				3E6C006024EC247E001D4828 /* Functions.swift in Sources */,
				3E5B315E24FE912D006AB64C /* ForgetPasswordViewController.swift in Sources */,
				3EA278D324E7BF5C00A62834 /* Kibuns.swift in Sources */,
				3E7FD59C24E7F24B005011B6 /* KibunTableViewCell.swift in Sources */,
				3E6C005E24EAE97C001D4828 /* Extensions.swift in Sources */,
				3E70A81124E26376008667B5 /* MainViewController.swift in Sources */,
				3E8FBE8324E54EF400BAC128 /* MailSendCompleteViewController.swift in Sources */,
				3E70A80D24E26376008667B5 /* AppDelegate.swift in Sources */,
				3E70A80F24E26376008667B5 /* SceneDelegate.swift in Sources */,
				3E6C006824ED75A7001D4828 /* ShowFamilyViewController.swift in Sources */,
				3EE54E3324F3DE87002050B7 /* KibunDetailViewController.swift in Sources */,
				3E6C004A24EA5EF9001D4828 /* OtherViewController.swift in Sources */,
				3E6D765D250CD4B800E2BF05 /* Constants.swift in Sources */,
				3E6C006324ED6972001D4828 /* ChangeNameViewController.swift in Sources */,
				3E6C005924EADDA0001D4828 /* AddFamilyViewController.swift in Sources */,
				3E6C005424EA85BF001D4828 /* LoginViewController.swift in Sources */,
				3E5B315824FBB389006AB64C /* SMSSendCompleteViewController.swift in Sources */,
			);
			runOnlyForDeploymentPostprocessing = 0;
		};
		3E70A81B24E26378008667B5 /* Sources */ = {
			isa = PBXSourcesBuildPhase;
			buildActionMask = 2147483647;
			files = (
				3E70A82424E26378008667B5 /* kibunyaTests.swift in Sources */,
			);
			runOnlyForDeploymentPostprocessing = 0;
		};
		3E70A82624E26379008667B5 /* Sources */ = {
			isa = PBXSourcesBuildPhase;
			buildActionMask = 2147483647;
			files = (
				3E70A82F24E26379008667B5 /* kibunyaUITests.swift in Sources */,
			);
			runOnlyForDeploymentPostprocessing = 0;
		};
/* End PBXSourcesBuildPhase section */

/* Begin PBXTargetDependency section */
		3E70A82124E26378008667B5 /* PBXTargetDependency */ = {
			isa = PBXTargetDependency;
			target = 3E70A80824E26376008667B5 /* kibunya */;
			targetProxy = 3E70A82024E26378008667B5 /* PBXContainerItemProxy */;
		};
		3E70A82C24E26379008667B5 /* PBXTargetDependency */ = {
			isa = PBXTargetDependency;
			target = 3E70A80824E26376008667B5 /* kibunya */;
			targetProxy = 3E70A82B24E26379008667B5 /* PBXContainerItemProxy */;
		};
/* End PBXTargetDependency section */

/* Begin PBXVariantGroup section */
		3E70A81224E26376008667B5 /* MainViewController.storyboard */ = {
			isa = PBXVariantGroup;
			children = (
				3E70A81324E26376008667B5 /* Base */,
			);
			name = MainViewController.storyboard;
			sourceTree = "<group>";
		};
		3E70A81724E26378008667B5 /* LaunchScreen.storyboard */ = {
			isa = PBXVariantGroup;
			children = (
				3E70A81824E26378008667B5 /* Base */,
			);
			name = LaunchScreen.storyboard;
			sourceTree = "<group>";
		};
/* End PBXVariantGroup section */

/* Begin XCBuildConfiguration section */
		3E70A83124E26379008667B5 /* Debug */ = {
			isa = XCBuildConfiguration;
			buildSettings = {
				ALWAYS_SEARCH_USER_PATHS = NO;
				CLANG_ANALYZER_NONNULL = YES;
				CLANG_ANALYZER_NUMBER_OBJECT_CONVERSION = YES_AGGRESSIVE;
				CLANG_CXX_LANGUAGE_STANDARD = "gnu++14";
				CLANG_CXX_LIBRARY = "libc++";
				CLANG_ENABLE_MODULES = YES;
				CLANG_ENABLE_OBJC_ARC = YES;
				CLANG_ENABLE_OBJC_WEAK = YES;
				CLANG_WARN_BLOCK_CAPTURE_AUTORELEASING = YES;
				CLANG_WARN_BOOL_CONVERSION = YES;
				CLANG_WARN_COMMA = YES;
				CLANG_WARN_CONSTANT_CONVERSION = YES;
				CLANG_WARN_DEPRECATED_OBJC_IMPLEMENTATIONS = YES;
				CLANG_WARN_DIRECT_OBJC_ISA_USAGE = YES_ERROR;
				CLANG_WARN_DOCUMENTATION_COMMENTS = YES;
				CLANG_WARN_EMPTY_BODY = YES;
				CLANG_WARN_ENUM_CONVERSION = YES;
				CLANG_WARN_INFINITE_RECURSION = YES;
				CLANG_WARN_INT_CONVERSION = YES;
				CLANG_WARN_NON_LITERAL_NULL_CONVERSION = YES;
				CLANG_WARN_OBJC_IMPLICIT_RETAIN_SELF = YES;
				CLANG_WARN_OBJC_LITERAL_CONVERSION = YES;
				CLANG_WARN_OBJC_ROOT_CLASS = YES_ERROR;
				CLANG_WARN_RANGE_LOOP_ANALYSIS = YES;
				CLANG_WARN_STRICT_PROTOTYPES = YES;
				CLANG_WARN_SUSPICIOUS_MOVE = YES;
				CLANG_WARN_UNGUARDED_AVAILABILITY = YES_AGGRESSIVE;
				CLANG_WARN_UNREACHABLE_CODE = YES;
				CLANG_WARN__DUPLICATE_METHOD_MATCH = YES;
				COPY_PHASE_STRIP = NO;
				DEBUG_INFORMATION_FORMAT = dwarf;
				ENABLE_STRICT_OBJC_MSGSEND = YES;
				ENABLE_TESTABILITY = YES;
				GCC_C_LANGUAGE_STANDARD = gnu11;
				GCC_DYNAMIC_NO_PIC = NO;
				GCC_NO_COMMON_BLOCKS = YES;
				GCC_OPTIMIZATION_LEVEL = 0;
				GCC_PREPROCESSOR_DEFINITIONS = (
					"DEBUG=1",
					"$(inherited)",
				);
				GCC_WARN_64_TO_32_BIT_CONVERSION = YES;
				GCC_WARN_ABOUT_RETURN_TYPE = YES_ERROR;
				GCC_WARN_UNDECLARED_SELECTOR = YES;
				GCC_WARN_UNINITIALIZED_AUTOS = YES_AGGRESSIVE;
				GCC_WARN_UNUSED_FUNCTION = YES;
				GCC_WARN_UNUSED_VARIABLE = YES;
				IPHONEOS_DEPLOYMENT_TARGET = 13.5;
				MTL_ENABLE_DEBUG_INFO = INCLUDE_SOURCE;
				MTL_FAST_MATH = YES;
				ONLY_ACTIVE_ARCH = YES;
				SDKROOT = iphoneos;
				SWIFT_ACTIVE_COMPILATION_CONDITIONS = DEBUG;
				SWIFT_OPTIMIZATION_LEVEL = "-Onone";
			};
			name = Debug;
		};
		3E70A83224E26379008667B5 /* Release */ = {
			isa = XCBuildConfiguration;
			buildSettings = {
				ALWAYS_SEARCH_USER_PATHS = NO;
				CLANG_ANALYZER_NONNULL = YES;
				CLANG_ANALYZER_NUMBER_OBJECT_CONVERSION = YES_AGGRESSIVE;
				CLANG_CXX_LANGUAGE_STANDARD = "gnu++14";
				CLANG_CXX_LIBRARY = "libc++";
				CLANG_ENABLE_MODULES = YES;
				CLANG_ENABLE_OBJC_ARC = YES;
				CLANG_ENABLE_OBJC_WEAK = YES;
				CLANG_WARN_BLOCK_CAPTURE_AUTORELEASING = YES;
				CLANG_WARN_BOOL_CONVERSION = YES;
				CLANG_WARN_COMMA = YES;
				CLANG_WARN_CONSTANT_CONVERSION = YES;
				CLANG_WARN_DEPRECATED_OBJC_IMPLEMENTATIONS = YES;
				CLANG_WARN_DIRECT_OBJC_ISA_USAGE = YES_ERROR;
				CLANG_WARN_DOCUMENTATION_COMMENTS = YES;
				CLANG_WARN_EMPTY_BODY = YES;
				CLANG_WARN_ENUM_CONVERSION = YES;
				CLANG_WARN_INFINITE_RECURSION = YES;
				CLANG_WARN_INT_CONVERSION = YES;
				CLANG_WARN_NON_LITERAL_NULL_CONVERSION = YES;
				CLANG_WARN_OBJC_IMPLICIT_RETAIN_SELF = YES;
				CLANG_WARN_OBJC_LITERAL_CONVERSION = YES;
				CLANG_WARN_OBJC_ROOT_CLASS = YES_ERROR;
				CLANG_WARN_RANGE_LOOP_ANALYSIS = YES;
				CLANG_WARN_STRICT_PROTOTYPES = YES;
				CLANG_WARN_SUSPICIOUS_MOVE = YES;
				CLANG_WARN_UNGUARDED_AVAILABILITY = YES_AGGRESSIVE;
				CLANG_WARN_UNREACHABLE_CODE = YES;
				CLANG_WARN__DUPLICATE_METHOD_MATCH = YES;
				COPY_PHASE_STRIP = NO;
				DEBUG_INFORMATION_FORMAT = "dwarf-with-dsym";
				ENABLE_NS_ASSERTIONS = NO;
				ENABLE_STRICT_OBJC_MSGSEND = YES;
				GCC_C_LANGUAGE_STANDARD = gnu11;
				GCC_NO_COMMON_BLOCKS = YES;
				GCC_WARN_64_TO_32_BIT_CONVERSION = YES;
				GCC_WARN_ABOUT_RETURN_TYPE = YES_ERROR;
				GCC_WARN_UNDECLARED_SELECTOR = YES;
				GCC_WARN_UNINITIALIZED_AUTOS = YES_AGGRESSIVE;
				GCC_WARN_UNUSED_FUNCTION = YES;
				GCC_WARN_UNUSED_VARIABLE = YES;
				IPHONEOS_DEPLOYMENT_TARGET = 13.5;
				MTL_ENABLE_DEBUG_INFO = NO;
				MTL_FAST_MATH = YES;
				SDKROOT = iphoneos;
				SWIFT_COMPILATION_MODE = wholemodule;
				SWIFT_OPTIMIZATION_LEVEL = "-O";
				VALIDATE_PRODUCT = YES;
			};
			name = Release;
		};
		3E70A83424E26379008667B5 /* Debug */ = {
			isa = XCBuildConfiguration;
			baseConfigurationReference = 9B6032BA666830724FCD44A5 /* Pods-kibunya.debug.xcconfig */;
			buildSettings = {
				ASSETCATALOG_COMPILER_APPICON_NAME = AppIcon;
				CODE_SIGN_ENTITLEMENTS = "kibunya/家族ダイアリー.entitlements";
				CODE_SIGN_IDENTITY = "iPhone Developer";
				CODE_SIGN_STYLE = Manual;
				CURRENT_PROJECT_VERSION = 8;
				DEVELOPMENT_TEAM = 42UU3JKF9R;
				INFOPLIST_FILE = kibunya/Info.plist;
				LD_RUNPATH_SEARCH_PATHS = (
					"$(inherited)",
					"@executable_path/Frameworks",
				);
				PRODUCT_BUNDLE_IDENTIFIER = "sekky-company.kibunya";
				PRODUCT_NAME = "Family Diary";
				PROVISIONING_PROFILE_SPECIFIER = "家族ダイアリー";
				SWIFT_VERSION = 5.0;
				TARGETED_DEVICE_FAMILY = "1,2";
			};
			name = Debug;
		};
		3E70A83524E26379008667B5 /* Release */ = {
			isa = XCBuildConfiguration;
			baseConfigurationReference = 53A41DA030BC9368DE59A067 /* Pods-kibunya.release.xcconfig */;
			buildSettings = {
				ASSETCATALOG_COMPILER_APPICON_NAME = AppIcon;
				CODE_SIGN_ENTITLEMENTS = "kibunya/家族ダイアリー.entitlements";
				CODE_SIGN_IDENTITY = "iPhone Distribution";
				CODE_SIGN_STYLE = Manual;
				CURRENT_PROJECT_VERSION = 8;
				DEVELOPMENT_TEAM = 42UU3JKF9R;
				INFOPLIST_FILE = kibunya/Info.plist;
				LD_RUNPATH_SEARCH_PATHS = (
					"$(inherited)",
					"@executable_path/Frameworks",
				);
				PRODUCT_BUNDLE_IDENTIFIER = "sekky-company.kibunya";
				PRODUCT_NAME = "Family Diary";
				PROVISIONING_PROFILE_SPECIFIER = "家族ダイアリー（本番）";
				SWIFT_VERSION = 5.0;
				TARGETED_DEVICE_FAMILY = "1,2";
			};
			name = Release;
		};
		3E70A83724E26379008667B5 /* Debug */ = {
			isa = XCBuildConfiguration;
			baseConfigurationReference = BDAD3BBB15405305A099B1C0 /* Pods-kibunyaTests.debug.xcconfig */;
			buildSettings = {
				ALWAYS_EMBED_SWIFT_STANDARD_LIBRARIES = YES;
				BUNDLE_LOADER = "$(TEST_HOST)";
				CODE_SIGN_STYLE = Automatic;
				DEVELOPMENT_TEAM = 42UU3JKF9R;
				INFOPLIST_FILE = kibunyaTests/Info.plist;
				IPHONEOS_DEPLOYMENT_TARGET = 13.5;
				LD_RUNPATH_SEARCH_PATHS = (
					"$(inherited)",
					"@executable_path/Frameworks",
					"@loader_path/Frameworks",
				);
				PRODUCT_BUNDLE_IDENTIFIER = "sekky-company.kibunyaTests";
				PRODUCT_NAME = "$(TARGET_NAME)";
				SWIFT_VERSION = 5.0;
				TARGETED_DEVICE_FAMILY = "1,2";
				TEST_HOST = "$(BUILT_PRODUCTS_DIR)/kibunya.app/kibunya";
			};
			name = Debug;
		};
		3E70A83824E26379008667B5 /* Release */ = {
			isa = XCBuildConfiguration;
			baseConfigurationReference = A20AD7BBFF2A60C3BFD4AA7F /* Pods-kibunyaTests.release.xcconfig */;
			buildSettings = {
				ALWAYS_EMBED_SWIFT_STANDARD_LIBRARIES = YES;
				BUNDLE_LOADER = "$(TEST_HOST)";
				CODE_SIGN_STYLE = Automatic;
				DEVELOPMENT_TEAM = 42UU3JKF9R;
				INFOPLIST_FILE = kibunyaTests/Info.plist;
				IPHONEOS_DEPLOYMENT_TARGET = 13.5;
				LD_RUNPATH_SEARCH_PATHS = (
					"$(inherited)",
					"@executable_path/Frameworks",
					"@loader_path/Frameworks",
				);
				PRODUCT_BUNDLE_IDENTIFIER = "sekky-company.kibunyaTests";
				PRODUCT_NAME = "$(TARGET_NAME)";
				SWIFT_VERSION = 5.0;
				TARGETED_DEVICE_FAMILY = "1,2";
				TEST_HOST = "$(BUILT_PRODUCTS_DIR)/kibunya.app/kibunya";
			};
			name = Release;
		};
		3E70A83A24E26379008667B5 /* Debug */ = {
			isa = XCBuildConfiguration;
			baseConfigurationReference = 8AA0F6FEB4B0E14B9CF6709A /* Pods-kibunya-kibunyaUITests.debug.xcconfig */;
			buildSettings = {
				ALWAYS_EMBED_SWIFT_STANDARD_LIBRARIES = YES;
				CODE_SIGN_STYLE = Automatic;
				DEVELOPMENT_TEAM = 42UU3JKF9R;
				INFOPLIST_FILE = kibunyaUITests/Info.plist;
				LD_RUNPATH_SEARCH_PATHS = (
					"$(inherited)",
					"@executable_path/Frameworks",
					"@loader_path/Frameworks",
				);
				PRODUCT_BUNDLE_IDENTIFIER = "sekky-company.kibunyaUITests";
				PRODUCT_NAME = "$(TARGET_NAME)";
				SWIFT_VERSION = 5.0;
				TARGETED_DEVICE_FAMILY = "1,2";
				TEST_TARGET_NAME = kibunya;
			};
			name = Debug;
		};
		3E70A83B24E26379008667B5 /* Release */ = {
			isa = XCBuildConfiguration;
			baseConfigurationReference = 98CA9EE0972853C3D5F9CC2A /* Pods-kibunya-kibunyaUITests.release.xcconfig */;
			buildSettings = {
				ALWAYS_EMBED_SWIFT_STANDARD_LIBRARIES = YES;
				CODE_SIGN_STYLE = Automatic;
				DEVELOPMENT_TEAM = 42UU3JKF9R;
				INFOPLIST_FILE = kibunyaUITests/Info.plist;
				LD_RUNPATH_SEARCH_PATHS = (
					"$(inherited)",
					"@executable_path/Frameworks",
					"@loader_path/Frameworks",
				);
				PRODUCT_BUNDLE_IDENTIFIER = "sekky-company.kibunyaUITests";
				PRODUCT_NAME = "$(TARGET_NAME)";
				SWIFT_VERSION = 5.0;
				TARGETED_DEVICE_FAMILY = "1,2";
				TEST_TARGET_NAME = kibunya;
			};
			name = Release;
		};
/* End XCBuildConfiguration section */

/* Begin XCConfigurationList section */
		3E70A80424E26376008667B5 /* Build configuration list for PBXProject "kibunya" */ = {
			isa = XCConfigurationList;
			buildConfigurations = (
				3E70A83124E26379008667B5 /* Debug */,
				3E70A83224E26379008667B5 /* Release */,
			);
			defaultConfigurationIsVisible = 0;
			defaultConfigurationName = Release;
		};
		3E70A83324E26379008667B5 /* Build configuration list for PBXNativeTarget "kibunya" */ = {
			isa = XCConfigurationList;
			buildConfigurations = (
				3E70A83424E26379008667B5 /* Debug */,
				3E70A83524E26379008667B5 /* Release */,
			);
			defaultConfigurationIsVisible = 0;
			defaultConfigurationName = Release;
		};
		3E70A83624E26379008667B5 /* Build configuration list for PBXNativeTarget "kibunyaTests" */ = {
			isa = XCConfigurationList;
			buildConfigurations = (
				3E70A83724E26379008667B5 /* Debug */,
				3E70A83824E26379008667B5 /* Release */,
			);
			defaultConfigurationIsVisible = 0;
			defaultConfigurationName = Release;
		};
		3E70A83924E26379008667B5 /* Build configuration list for PBXNativeTarget "kibunyaUITests" */ = {
			isa = XCConfigurationList;
			buildConfigurations = (
				3E70A83A24E26379008667B5 /* Debug */,
				3E70A83B24E26379008667B5 /* Release */,
			);
			defaultConfigurationIsVisible = 0;
			defaultConfigurationName = Release;
		};
/* End XCConfigurationList section */
	};
	rootObject = 3E70A80124E26376008667B5 /* Project object */;
}
